
Microsoft Visual Studio Solution File, Format Version 12.00
# Visual Studio Version 16
VisualStudioVersion = 16.0.31624.102
MinimumVisualStudioVersion = 10.0.40219.1
Project("{FAE04EC0-301F-11D3-BF4B-00C04F79EFBC}") = "lms_login", "lms_login\lms_login.csproj", "{ABCC321D-9683-4C51-AE49-1ADDE6DB50C3}"
EndProject
Global
	GlobalSection(SolutionConfigurationPlatforms) = preSolution
		Debug|Any CPU = Debug|Any CPU
		Release|Any CPU = Release|Any CPU
	EndGlobalSection
	GlobalSection(ProjectConfigurationPlatforms) = postSolution
		{ABCC321D-9683-4C51-AE49-1ADDE6DB50C3}.Debug|Any CPU.ActiveCfg = Debug|Any CPU
		{ABCC321D-9683-4C51-AE49-1ADDE6DB50C3}.Debug|Any CPU.Build.0 = Debug|Any CPU
		{ABCC321D-9683-4C51-AE49-1ADDE6DB50C3}.Release|Any CPU.ActiveCfg = Release|Any CPU
		{ABCC321D-9683-4C51-AE49-1ADDE6DB50C3}.Release|Any CPU.Build.0 = Release|Any CPU
	EndGlobalSection
	GlobalSection(SolutionProperties) = preSolution
		HideSolutionNode = FALSE
	EndGlobalSection
	GlobalSection(ExtensibilityGlobals) = postSolution
		SolutionGuid = {A3ED1C56-F4BA-4C54-9C95-9FECECAB67B8}
	EndGlobalSection
EndGlobal
